
Microsoft Visual Studio Solution File, Format Version 12.00
# Visual Studio Version 17
VisualStudioVersion = 17.0.31903.59
MinimumVisualStudioVersion = 10.0.40219.1
Project("{2150E333-8FDC-42A3-9474-1A3956D46DE8}") = "src", "src", "{49C0E604-1E29-467E-B828-87BD7C7DD757}"
EndProject
Project("{FAE04EC0-301F-11D3-BF4B-00C04F79EFBC}") = "DnSpyMcp", "src\DnSpyMcp\DnSpyMcp.csproj", "{14E9CB0D-99B2-4BE8-A759-F89D54FB0E23}"
EndProject
Global
	GlobalSection(SolutionConfigurationPlatforms) = preSolution
		Debug|Any CPU = Debug|Any CPU
		Release|Any CPU = Release|Any CPU
	EndGlobalSection
	GlobalSection(SolutionProperties) = preSolution
		HideSolutionNode = FALSE
	EndGlobalSection
	GlobalSection(ProjectConfigurationPlatforms) = postSolution
		{14E9CB0D-99B2-4BE8-A759-F89D54FB0E23}.Debug|Any CPU.ActiveCfg = Debug|Any CPU
		{14E9CB0D-99B2-4BE8-A759-F89D54FB0E23}.Debug|Any CPU.Build.0 = Debug|Any CPU
		{14E9CB0D-99B2-4BE8-A759-F89D54FB0E23}.Release|Any CPU.ActiveCfg = Release|Any CPU
		{14E9CB0D-99B2-4BE8-A759-F89D54FB0E23}.Release|Any CPU.Build.0 = Release|Any CPU
	EndGlobalSection
	GlobalSection(NestedProjects) = preSolution
		{14E9CB0D-99B2-4BE8-A759-F89D54FB0E23} = {49C0E604-1E29-467E-B828-87BD7C7DD757}
	EndGlobalSection
EndGlobal
